
Microsoft Visual Studio Solution File, Format Version 12.00
# Visual Studio Version 16
VisualStudioVersion = 16.0.30413.136
MinimumVisualStudioVersion = 10.0.40219.1
Project("{FAE04EC0-301F-11D3-BF4B-00C04F79EFBC}") = "lab 5", "lab 5.csproj", "{D483A017-1B20-42EC-87CF-85294BD79CDF}"
EndProject
Global
	GlobalSection(SolutionConfigurationPlatforms) = preSolution
		Debug|Any CPU = Debug|Any CPU
		Release|Any CPU = Release|Any CPU
	EndGlobalSection
	GlobalSection(ProjectConfigurationPlatforms) = postSolution
		{D483A017-1B20-42EC-87CF-85294BD79CDF}.Debug|Any CPU.ActiveCfg = Debug|Any CPU
		{D483A017-1B20-42EC-87CF-85294BD79CDF}.Debug|Any CPU.Build.0 = Debug|Any CPU
		{D483A017-1B20-42EC-87CF-85294BD79CDF}.Release|Any CPU.ActiveCfg = Release|Any CPU
		{D483A017-1B20-42EC-87CF-85294BD79CDF}.Release|Any CPU.Build.0 = Release|Any CPU
	EndGlobalSection
	GlobalSection(SolutionProperties) = preSolution
		HideSolutionNode = FALSE
	EndGlobalSection
	GlobalSection(ExtensibilityGlobals) = postSolution
		SolutionGuid = {D406A771-8F0F-48A8-BED2-95378B90C9FD}
	EndGlobalSection
EndGlobal
